
Microsoft Visual Studio Solution File, Format Version 12.00
# Visual Studio Version 17
VisualStudioVersion = 17.13.35931.197 d17.13
MinimumVisualStudioVersion = 10.0.40219.1
Project("{FAE04EC0-301F-11D3-BF4B-00C04F79EFBC}") = "Lession04", "Lession04.csproj", "{146FAC63-A2DE-4DA6-A4FC-4CD789E19ACD}"
EndProject
Global
	GlobalSection(SolutionConfigurationPlatforms) = preSolution
		Debug|Any CPU = Debug|Any CPU
		Release|Any CPU = Release|Any CPU
	EndGlobalSection
	GlobalSection(ProjectConfigurationPlatforms) = postSolution
		{146FAC63-A2DE-4DA6-A4FC-4CD789E19ACD}.Debug|Any CPU.ActiveCfg = Debug|Any CPU
		{146FAC63-A2DE-4DA6-A4FC-4CD789E19ACD}.Debug|Any CPU.Build.0 = Debug|Any CPU
		{146FAC63-A2DE-4DA6-A4FC-4CD789E19ACD}.Release|Any CPU.ActiveCfg = Release|Any CPU
		{146FAC63-A2DE-4DA6-A4FC-4CD789E19ACD}.Release|Any CPU.Build.0 = Release|Any CPU
	EndGlobalSection
	GlobalSection(SolutionProperties) = preSolution
		HideSolutionNode = FALSE
	EndGlobalSection
	GlobalSection(ExtensibilityGlobals) = postSolution
		SolutionGuid = {7C4879E5-00A6-43CA-92F6-EF8DFD9521E1}
	EndGlobalSection
EndGlobal
