
Microsoft Visual Studio Solution File, Format Version 12.00
# Visual Studio Version 17
VisualStudioVersion = 17.13.35931.197 d17.13
MinimumVisualStudioVersion = 10.0.40219.1
Project("{F2A71F9B-5D33-465A-A702-920D77279786}") = "Lession-01-MVC", "Lession-01-MVC.fsproj", "{A3EC848D-3BF2-4F66-8142-FDE0F2BF88D6}"
EndProject
Global
	GlobalSection(SolutionConfigurationPlatforms) = preSolution
		Debug|Any CPU = Debug|Any CPU
		Release|Any CPU = Release|Any CPU
	EndGlobalSection
	GlobalSection(ProjectConfigurationPlatforms) = postSolution
		{A3EC848D-3BF2-4F66-8142-FDE0F2BF88D6}.Debug|Any CPU.ActiveCfg = Debug|Any CPU
		{A3EC848D-3BF2-4F66-8142-FDE0F2BF88D6}.Debug|Any CPU.Build.0 = Debug|Any CPU
		{A3EC848D-3BF2-4F66-8142-FDE0F2BF88D6}.Release|Any CPU.ActiveCfg = Release|Any CPU
		{A3EC848D-3BF2-4F66-8142-FDE0F2BF88D6}.Release|Any CPU.Build.0 = Release|Any CPU
	EndGlobalSection
	GlobalSection(SolutionProperties) = preSolution
		HideSolutionNode = FALSE
	EndGlobalSection
	GlobalSection(ExtensibilityGlobals) = postSolution
		SolutionGuid = {F6A9CC88-D92B-4AF2-B00C-DD457B8EBAF2}
	EndGlobalSection
EndGlobal
